
Microsoft Visual Studio Solution File, Format Version 12.00
# Visual Studio Version 17
VisualStudioVersion = 17.0.31903.59
MinimumVisualStudioVersion = 10.0.40219.1
Project("{2150E333-8FDC-42A3-9474-1A3956D46DE8}") = "src", "src", "{827E0CD3-B72D-47B6-A68D-7590B98EB39B}"
EndProject
Project("{FAE04EC0-301F-11D3-BF4B-00C04F79EFBC}") = "Presentation", "src\Presentation\Presentation.csproj", "{ADAC8D2B-7FEB-42F6-B9CE-6E973B1C1FE8}"
EndProject
Project("{FAE04EC0-301F-11D3-BF4B-00C04F79EFBC}") = "BusinessLogic", "src\BusinessLogic\BusinessLogic.csproj", "{CE35AE91-EE2E-45BB-BC8B-E2932B04C7E0}"
EndProject
Project("{FAE04EC0-301F-11D3-BF4B-00C04F79EFBC}") = "DataAccess", "src\DataAccess\DataAccess.csproj", "{2B4166A4-CE3F-4535-B4FF-7A3F9A7821BB}"
EndProject
Project("{2150E333-8FDC-42A3-9474-1A3956D46DE8}") = "test", "test", "{0C88DD14-F956-CE84-757C-A364CCF449FC}"
EndProject
Project("{FAE04EC0-301F-11D3-BF4B-00C04F79EFBC}") = "PresentationTests", "test\PresentationTests\PresentationTests.csproj", "{53CF20A8-7A13-4527-BE97-858A70E08F55}"
EndProject
Project("{FAE04EC0-301F-11D3-BF4B-00C04F79EFBC}") = "DataAccessTests", "test\DataAccessTests\DataAccessTests.csproj", "{6AC2B831-598C-41D8-9600-ADECFA194FEB}"
EndProject
Project("{FAE04EC0-301F-11D3-BF4B-00C04F79EFBC}") = "BusinessLogicTests", "test\BusinessLogicTests\BusinessLogicTests.csproj", "{333AB3E8-BBB4-4214-9C82-DA7D55CE04D0}"
EndProject
Global
	GlobalSection(SolutionConfigurationPlatforms) = preSolution
		Debug|Any CPU = Debug|Any CPU
		Debug|x64 = Debug|x64
		Debug|x86 = Debug|x86
		Release|Any CPU = Release|Any CPU
		Release|x64 = Release|x64
		Release|x86 = Release|x86
	EndGlobalSection
	GlobalSection(ProjectConfigurationPlatforms) = postSolution
		{ADAC8D2B-7FEB-42F6-B9CE-6E973B1C1FE8}.Debug|Any CPU.ActiveCfg = Debug|Any CPU
		{ADAC8D2B-7FEB-42F6-B9CE-6E973B1C1FE8}.Debug|Any CPU.Build.0 = Debug|Any CPU
		{ADAC8D2B-7FEB-42F6-B9CE-6E973B1C1FE8}.Debug|x64.ActiveCfg = Debug|Any CPU
		{ADAC8D2B-7FEB-42F6-B9CE-6E973B1C1FE8}.Debug|x64.Build.0 = Debug|Any CPU
		{ADAC8D2B-7FEB-42F6-B9CE-6E973B1C1FE8}.Debug|x86.ActiveCfg = Debug|Any CPU
		{ADAC8D2B-7FEB-42F6-B9CE-6E973B1C1FE8}.Debug|x86.Build.0 = Debug|Any CPU
		{ADAC8D2B-7FEB-42F6-B9CE-6E973B1C1FE8}.Release|Any CPU.ActiveCfg = Release|Any CPU
		{ADAC8D2B-7FEB-42F6-B9CE-6E973B1C1FE8}.Release|Any CPU.Build.0 = Release|Any CPU
		{ADAC8D2B-7FEB-42F6-B9CE-6E973B1C1FE8}.Release|x64.ActiveCfg = Release|Any CPU
		{ADAC8D2B-7FEB-42F6-B9CE-6E973B1C1FE8}.Release|x64.Build.0 = Release|Any CPU
		{ADAC8D2B-7FEB-42F6-B9CE-6E973B1C1FE8}.Release|x86.ActiveCfg = Release|Any CPU
		{ADAC8D2B-7FEB-42F6-B9CE-6E973B1C1FE8}.Release|x86.Build.0 = Release|Any CPU
		{CE35AE91-EE2E-45BB-BC8B-E2932B04C7E0}.Debug|Any CPU.ActiveCfg = Debug|Any CPU
		{CE35AE91-EE2E-45BB-BC8B-E2932B04C7E0}.Debug|Any CPU.Build.0 = Debug|Any CPU
		{CE35AE91-EE2E-45BB-BC8B-E2932B04C7E0}.Debug|x64.ActiveCfg = Debug|Any CPU
		{CE35AE91-EE2E-45BB-BC8B-E2932B04C7E0}.Debug|x64.Build.0 = Debug|Any CPU
		{CE35AE91-EE2E-45BB-BC8B-E2932B04C7E0}.Debug|x86.ActiveCfg = Debug|Any CPU
		{CE35AE91-EE2E-45BB-BC8B-E2932B04C7E0}.Debug|x86.Build.0 = Debug|Any CPU
		{CE35AE91-EE2E-45BB-BC8B-E2932B04C7E0}.Release|Any CPU.ActiveCfg = Release|Any CPU
		{CE35AE91-EE2E-45BB-BC8B-E2932B04C7E0}.Release|Any CPU.Build.0 = Release|Any CPU
		{CE35AE91-EE2E-45BB-BC8B-E2932B04C7E0}.Release|x64.ActiveCfg = Release|Any CPU
		{CE35AE91-EE2E-45BB-BC8B-E2932B04C7E0}.Release|x64.Build.0 = Release|Any CPU
		{CE35AE91-EE2E-45BB-BC8B-E2932B04C7E0}.Release|x86.ActiveCfg = Release|Any CPU
		{CE35AE91-EE2E-45BB-BC8B-E2932B04C7E0}.Release|x86.Build.0 = Release|Any CPU
		{2B4166A4-CE3F-4535-B4FF-7A3F9A7821BB}.Debug|Any CPU.ActiveCfg = Debug|Any CPU
		{2B4166A4-CE3F-4535-B4FF-7A3F9A7821BB}.Debug|Any CPU.Build.0 = Debug|Any CPU
		{2B4166A4-CE3F-4535-B4FF-7A3F9A7821BB}.Debug|x64.ActiveCfg = Debug|Any CPU
		{2B4166A4-CE3F-4535-B4FF-7A3F9A7821BB}.Debug|x64.Build.0 = Debug|Any CPU
		{2B4166A4-CE3F-4535-B4FF-7A3F9A7821BB}.Debug|x86.ActiveCfg = Debug|Any CPU
		{2B4166A4-CE3F-4535-B4FF-7A3F9A7821BB}.Debug|x86.Build.0 = Debug|Any CPU
		{2B4166A4-CE3F-4535-B4FF-7A3F9A7821BB}.Release|Any CPU.ActiveCfg = Release|Any CPU
		{2B4166A4-CE3F-4535-B4FF-7A3F9A7821BB}.Release|Any CPU.Build.0 = Release|Any CPU
		{2B4166A4-CE3F-4535-B4FF-7A3F9A7821BB}.Release|x64.ActiveCfg = Release|Any CPU
		{2B4166A4-CE3F-4535-B4FF-7A3F9A7821BB}.Release|x64.Build.0 = Release|Any CPU
		{2B4166A4-CE3F-4535-B4FF-7A3F9A7821BB}.Release|x86.ActiveCfg = Release|Any CPU
		{2B4166A4-CE3F-4535-B4FF-7A3F9A7821BB}.Release|x86.Build.0 = Release|Any CPU
		{53CF20A8-7A13-4527-BE97-858A70E08F55}.Debug|Any CPU.ActiveCfg = Debug|Any CPU
		{53CF20A8-7A13-4527-BE97-858A70E08F55}.Debug|Any CPU.Build.0 = Debug|Any CPU
		{53CF20A8-7A13-4527-BE97-858A70E08F55}.Debug|x64.ActiveCfg = Debug|Any CPU
		{53CF20A8-7A13-4527-BE97-858A70E08F55}.Debug|x64.Build.0 = Debug|Any CPU
		{53CF20A8-7A13-4527-BE97-858A70E08F55}.Debug|x86.ActiveCfg = Debug|Any CPU
		{53CF20A8-7A13-4527-BE97-858A70E08F55}.Debug|x86.Build.0 = Debug|Any CPU
		{53CF20A8-7A13-4527-BE97-858A70E08F55}.Release|Any CPU.ActiveCfg = Release|Any CPU
		{53CF20A8-7A13-4527-BE97-858A70E08F55}.Release|Any CPU.Build.0 = Release|Any CPU
		{53CF20A8-7A13-4527-BE97-858A70E08F55}.Release|x64.ActiveCfg = Release|Any CPU
		{53CF20A8-7A13-4527-BE97-858A70E08F55}.Release|x64.Build.0 = Release|Any CPU
		{53CF20A8-7A13-4527-BE97-858A70E08F55}.Release|x86.ActiveCfg = Release|Any CPU
		{53CF20A8-7A13-4527-BE97-858A70E08F55}.Release|x86.Build.0 = Release|Any CPU
		{6AC2B831-598C-41D8-9600-ADECFA194FEB}.Debug|Any CPU.ActiveCfg = Debug|Any CPU
		{6AC2B831-598C-41D8-9600-ADECFA194FEB}.Debug|Any CPU.Build.0 = Debug|Any CPU
		{6AC2B831-598C-41D8-9600-ADECFA194FEB}.Debug|x64.ActiveCfg = Debug|Any CPU
		{6AC2B831-598C-41D8-9600-ADECFA194FEB}.Debug|x64.Build.0 = Debug|Any CPU
		{6AC2B831-598C-41D8-9600-ADECFA194FEB}.Debug|x86.ActiveCfg = Debug|Any CPU
		{6AC2B831-598C-41D8-9600-ADECFA194FEB}.Debug|x86.Build.0 = Debug|Any CPU
		{6AC2B831-598C-41D8-9600-ADECFA194FEB}.Release|Any CPU.ActiveCfg = Release|Any CPU
		{6AC2B831-598C-41D8-9600-ADECFA194FEB}.Release|Any CPU.Build.0 = Release|Any CPU
		{6AC2B831-598C-41D8-9600-ADECFA194FEB}.Release|x64.ActiveCfg = Release|Any CPU
		{6AC2B831-598C-41D8-9600-ADECFA194FEB}.Release|x64.Build.0 = Release|Any CPU
		{6AC2B831-598C-41D8-9600-ADECFA194FEB}.Release|x86.ActiveCfg = Release|Any CPU
		{6AC2B831-598C-41D8-9600-ADECFA194FEB}.Release|x86.Build.0 = Release|Any CPU
		{333AB3E8-BBB4-4214-9C82-DA7D55CE04D0}.Debug|Any CPU.ActiveCfg = Debug|Any CPU
		{333AB3E8-BBB4-4214-9C82-DA7D55CE04D0}.Debug|Any CPU.Build.0 = Debug|Any CPU
		{333AB3E8-BBB4-4214-9C82-DA7D55CE04D0}.Debug|x64.ActiveCfg = Debug|Any CPU
		{333AB3E8-BBB4-4214-9C82-DA7D55CE04D0}.Debug|x64.Build.0 = Debug|Any CPU
		{333AB3E8-BBB4-4214-9C82-DA7D55CE04D0}.Debug|x86.ActiveCfg = Debug|Any CPU
		{333AB3E8-BBB4-4214-9C82-DA7D55CE04D0}.Debug|x86.Build.0 = Debug|Any CPU
		{333AB3E8-BBB4-4214-9C82-DA7D55CE04D0}.Release|Any CPU.ActiveCfg = Release|Any CPU
		{333AB3E8-BBB4-4214-9C82-DA7D55CE04D0}.Release|Any CPU.Build.0 = Release|Any CPU
		{333AB3E8-BBB4-4214-9C82-DA7D55CE04D0}.Release|x64.ActiveCfg = Release|Any CPU
		{333AB3E8-BBB4-4214-9C82-DA7D55CE04D0}.Release|x64.Build.0 = Release|Any CPU
		{333AB3E8-BBB4-4214-9C82-DA7D55CE04D0}.Release|x86.ActiveCfg = Release|Any CPU
		{333AB3E8-BBB4-4214-9C82-DA7D55CE04D0}.Release|x86.Build.0 = Release|Any CPU
	EndGlobalSection
	GlobalSection(SolutionProperties) = preSolution
		HideSolutionNode = FALSE
	EndGlobalSection
	GlobalSection(NestedProjects) = preSolution
		{ADAC8D2B-7FEB-42F6-B9CE-6E973B1C1FE8} = {827E0CD3-B72D-47B6-A68D-7590B98EB39B}
		{CE35AE91-EE2E-45BB-BC8B-E2932B04C7E0} = {827E0CD3-B72D-47B6-A68D-7590B98EB39B}
		{2B4166A4-CE3F-4535-B4FF-7A3F9A7821BB} = {827E0CD3-B72D-47B6-A68D-7590B98EB39B}
		{53CF20A8-7A13-4527-BE97-858A70E08F55} = {0C88DD14-F956-CE84-757C-A364CCF449FC}
		{6AC2B831-598C-41D8-9600-ADECFA194FEB} = {0C88DD14-F956-CE84-757C-A364CCF449FC}
		{333AB3E8-BBB4-4214-9C82-DA7D55CE04D0} = {0C88DD14-F956-CE84-757C-A364CCF449FC}
	EndGlobalSection
EndGlobal
